
Microsoft Visual Studio Solution File, Format Version 12.00
# Visual Studio 15
VisualStudioVersion = 15.0.26730.15
MinimumVisualStudioVersion = 10.0.40219.1
Project("{FAE04EC0-301F-11D3-BF4B-00C04F79EFBC}") = "AddNumbers", "AddNumbers\AddNumbers.csproj", "{087CF583-99B3-451A-A9DE-C4A906A4174F}"
EndProject
Global
	GlobalSection(SolutionConfigurationPlatforms) = preSolution
		Debug|Any CPU = Debug|Any CPU
		Release|Any CPU = Release|Any CPU
	EndGlobalSection
	GlobalSection(ProjectConfigurationPlatforms) = postSolution
		{087CF583-99B3-451A-A9DE-C4A906A4174F}.Debug|Any CPU.ActiveCfg = Debug|Any CPU
		{087CF583-99B3-451A-A9DE-C4A906A4174F}.Debug|Any CPU.Build.0 = Debug|Any CPU
		{087CF583-99B3-451A-A9DE-C4A906A4174F}.Release|Any CPU.ActiveCfg = Release|Any CPU
		{087CF583-99B3-451A-A9DE-C4A906A4174F}.Release|Any CPU.Build.0 = Release|Any CPU
	EndGlobalSection
	GlobalSection(SolutionProperties) = preSolution
		HideSolutionNode = FALSE
	EndGlobalSection
	GlobalSection(ExtensibilityGlobals) = postSolution
		SolutionGuid = {8FCBF6D6-CE43-4D0E-8998-5B0777887FAC}
	EndGlobalSection
EndGlobal
